
Microsoft Visual Studio Solution File, Format Version 12.00
# Visual Studio Version 17
VisualStudioVersion = 17.6.33626.354
MinimumVisualStudioVersion = 10.0.40219.1
Project("{9A19103F-16F7-4668-BE54-9A1E7A4F7556}") = "VKApp", "VKApp\VKApp.csproj", "{FD14292A-E979-4E45-A168-6FB82B760865}"
EndProject
Project("{FAE04EC0-301F-11D3-BF4B-00C04F79EFBC}") = "VKApp.Tests", "VKApp.Tests\VKApp.Tests.csproj", "{18373C14-1920-4115-8214-0C9D3DAB53D5}"
EndProject
Global
	GlobalSection(SolutionConfigurationPlatforms) = preSolution
		Debug|Any CPU = Debug|Any CPU
		Release|Any CPU = Release|Any CPU
	EndGlobalSection
	GlobalSection(ProjectConfigurationPlatforms) = postSolution
		{FD14292A-E979-4E45-A168-6FB82B760865}.Debug|Any CPU.ActiveCfg = Debug|Any CPU
		{FD14292A-E979-4E45-A168-6FB82B760865}.Debug|Any CPU.Build.0 = Debug|Any CPU
		{FD14292A-E979-4E45-A168-6FB82B760865}.Release|Any CPU.ActiveCfg = Release|Any CPU
		{FD14292A-E979-4E45-A168-6FB82B760865}.Release|Any CPU.Build.0 = Release|Any CPU
		{18373C14-1920-4115-8214-0C9D3DAB53D5}.Debug|Any CPU.ActiveCfg = Debug|Any CPU
		{18373C14-1920-4115-8214-0C9D3DAB53D5}.Debug|Any CPU.Build.0 = Debug|Any CPU
		{18373C14-1920-4115-8214-0C9D3DAB53D5}.Release|Any CPU.ActiveCfg = Release|Any CPU
		{18373C14-1920-4115-8214-0C9D3DAB53D5}.Release|Any CPU.Build.0 = Release|Any CPU
	EndGlobalSection
	GlobalSection(SolutionProperties) = preSolution
		HideSolutionNode = FALSE
	EndGlobalSection
	GlobalSection(ExtensibilityGlobals) = postSolution
		SolutionGuid = {0E273F68-C48F-4097-8BAE-018E49D47125}
	EndGlobalSection
EndGlobal
